# THIS IS AN AUTOGENERATED FILE. DO NOT EDIT THIS FILE DIRECTLY.
# yarn lockfile v1


"@types/node@^18.6.3":
  version "18.6.3"
  resolved "https://sabaolgoo.repo:443/artifactory/api/npm/npm/@types/node/-/node-18.6.3.tgz#4e4a95b6fe44014563ceb514b2598b3e623d1c98"
  integrity sha1-TkqVtv5EAUVjzrUUslmLPmI9HJg=

"@types/prop-types@*":
  version "15.7.5"
  resolved "https://sabaolgoo.repo:443/artifactory/api/npm/npm/@types/prop-types/-/prop-types-15.7.5.tgz#5f19d2b85a98e9558036f6a3cacc8819420f05cf"
  integrity sha1-XxnSuFqY6VWANvajysyIGUIPBc8=

"@types/react-dom@^18.0.6":
  version "18.0.6"
  resolved "https://sabaolgoo.repo:443/artifactory/api/npm/npm/@types/react-dom/-/react-dom-18.0.6.tgz#36652900024842b74607a17786b6662dd1e103a1"
  integrity sha1-NmUpAAJIQrdGB6F3hrZmLdHhA6E=
  dependencies:
    "@types/react" "*"

"@types/react@*", "@types/react@^18.0.15":
  version "18.0.15"
  resolved "https://sabaolgoo.repo:443/artifactory/api/npm/npm/@types/react/-/react-18.0.15.tgz#d355644c26832dc27f3e6cbf0c4f4603fc4ab7fe"
  integrity sha1-01VkTCaDLcJ/Pmy/DE9GA/xKt/4=
  dependencies:
    "@types/prop-types" "*"
    "@types/scheduler" "*"
    csstype "^3.0.2"

"@types/scheduler@*":
  version "0.16.2"
  resolved "https://sabaolgoo.repo:443/artifactory/api/npm/npm/@types/scheduler/-/scheduler-0.16.2.tgz#1a62f89525723dde24ba1b01b092bf5df8ad4d39"
  integrity sha1-GmL4lSVyPd4kuhsBsJK/XfitTTk=

csstype@^3.0.2:
  version "3.1.0"
  resolved "https://sabaolgoo.repo:443/artifactory/api/npm/npm/csstype/-/csstype-3.1.0.tgz#4ddcac3718d787cf9df0d1b7d15033925c8f29f2"
  integrity sha1-TdysNxjXh8+d8NG30VAzklyPKfI=

"js-tokens@^3.0.0 || ^4.0.0":
  version "4.0.0"
  resolved "https://sabaolgoo.repo:443/artifactory/api/npm/npm/js-tokens/-/js-tokens-4.0.0.tgz#19203fb59991df98e3a287050d4647cdeaf32499"
  integrity sha1-GSA/tZmR35jjoocFDUZHzerzJJk=

loose-envify@^1.1.0:
  version "1.4.0"
  resolved "https://sabaolgoo.repo:443/artifactory/api/npm/npm/loose-envify/-/loose-envify-1.4.0.tgz#71ee51fa7be4caec1a63839f7e682d8132d30caf"
  integrity sha1-ce5R+nvkyuwaY4OffmgtgTLTDK8=
  dependencies:
    js-tokens "^3.0.0 || ^4.0.0"

prettier@^2.7.1:
  version "2.7.1"
  resolved "https://sabaolgoo.repo:443/artifactory/api/npm/npm/prettier/-/prettier-2.7.1.tgz#e235806850d057f97bb08368a4f7d899f7760c64"
  integrity sha1-4jWAaFDQV/l7sINopPfYmfd2DGQ=

react-dom@^18.2.0:
  version "18.2.0"
  resolved "https://sabaolgoo.repo:443/artifactory/api/npm/npm/react-dom/-/react-dom-18.2.0.tgz#22aaf38708db2674ed9ada224ca4aa708d821e3d"
  integrity sha1-IqrzhwjbJnTtmtoiTKSqcI2CHj0=
  dependencies:
    loose-envify "^1.1.0"
    scheduler "^0.23.0"

react@^18.2.0:
  version "18.2.0"
  resolved "https://sabaolgoo.repo:443/artifactory/api/npm/npm/react/-/react-18.2.0.tgz#555bd98592883255fa00de14f1151a917b5d77d5"
  integrity sha1-VVvZhZKIMlX6AN4U8RUakXtdd9U=
  dependencies:
    loose-envify "^1.1.0"

scheduler@^0.23.0:
  version "0.23.0"
  resolved "https://sabaolgoo.repo:443/artifactory/api/npm/npm/scheduler/-/scheduler-0.23.0.tgz#ba8041afc3d30eb206a487b6b384002e4e61fdfe"
  integrity sha1-uoBBr8PTDrIGpIe2s4QALk5h/f4=
  dependencies:
    loose-envify "^1.1.0"

typescript@^4.7.4:
  version "4.7.4"
  resolved "https://sabaolgoo.repo:443/artifactory/api/npm/npm/typescript/-/typescript-4.7.4.tgz#1a88596d1cf47d59507a1bcdfb5b9dfe4d488235"
  integrity sha1-GohZbRz0fVlQehvN+1ud/k1IgjU=
